
Microsoft Visual Studio Solution File, Format Version 12.00
# Visual Studio Version 17
VisualStudioVersion = 17.8.34525.116
MinimumVisualStudioVersion = 10.0.40219.1
Project("{FAE04EC0-301F-11D3-BF4B-00C04F79EFBC}") = "ApiGateway", "ApiGateway\ApiGateway.csproj", "{47AB3B43-97B7-4546-9626-3FDBA4FD1865}"
EndProject
Global
	GlobalSection(SolutionConfigurationPlatforms) = preSolution
		Debug|Any CPU = Debug|Any CPU
		Release|Any CPU = Release|Any CPU
	EndGlobalSection
	GlobalSection(ProjectConfigurationPlatforms) = postSolution
		{47AB3B43-97B7-4546-9626-3FDBA4FD1865}.Debug|Any CPU.ActiveCfg = Debug|Any CPU
		{47AB3B43-97B7-4546-9626-3FDBA4FD1865}.Debug|Any CPU.Build.0 = Debug|Any CPU
		{47AB3B43-97B7-4546-9626-3FDBA4FD1865}.Release|Any CPU.ActiveCfg = Release|Any CPU
		{47AB3B43-97B7-4546-9626-3FDBA4FD1865}.Release|Any CPU.Build.0 = Release|Any CPU
	EndGlobalSection
	GlobalSection(SolutionProperties) = preSolution
		HideSolutionNode = FALSE
	EndGlobalSection
	GlobalSection(ExtensibilityGlobals) = postSolution
		SolutionGuid = {BC2CD419-5A58-4C98-8FEC-B60DBCBD2D4C}
	EndGlobalSection
EndGlobal
